
Microsoft Visual Studio Solution File, Format Version 12.00
# Visual Studio 2013
VisualStudioVersion = 12.0.21005.1
MinimumVisualStudioVersion = 10.0.40219.1
Project("{FAE04EC0-301F-11D3-BF4B-00C04F79EFBC}") = "DAL", "DAL\DAL.csproj", "{9EAB3DFC-B006-4713-9AD5-5CA9C2A1C00F}"
EndProject
Project("{FAE04EC0-301F-11D3-BF4B-00C04F79EFBC}") = "BLL", "BLL\BLL.csproj", "{5E54B8D9-1585-4DD6-9496-F1B7B1D9EC1D}"
EndProject
Project("{FAE04EC0-301F-11D3-BF4B-00C04F79EFBC}") = "UnitTests", "UnitTests\UnitTests.csproj", "{D21069AF-69A4-41DF-A148-ADA550EF895A}"
EndProject
Project("{FAE04EC0-301F-11D3-BF4B-00C04F79EFBC}") = "MyBlog", "MyBlog\MyBlog.csproj", "{1198FD62-9ACF-453A-BF13-D42F6BEFB9DB}"
EndProject
Project("{2150E333-8FDC-42A3-9474-1A3956D46DE8}") = "IServicesApp", "IServicesApp", "{F2B22007-F632-44A1-802F-249D72FED9D8}"
EndProject
Project("{FAE04EC0-301F-11D3-BF4B-00C04F79EFBC}") = "IServicesApp", "IServicesApp\IServicesApp.csproj", "{6DB6C961-675F-4313-8E3A-543F75D95864}"
EndProject
Project("{2150E333-8FDC-42A3-9474-1A3956D46DE8}") = "ServicesApp", "ServicesApp", "{93B6D945-917F-4316-9E83-9237D7F01426}"
EndProject
Project("{2150E333-8FDC-42A3-9474-1A3956D46DE8}") = "Email", "Email", "{9B2FCB8C-A1CC-4223-ADC7-CDF2A7B79350}"
EndProject
Project("{FAE04EC0-301F-11D3-BF4B-00C04F79EFBC}") = "Email", "Email\Email.csproj", "{D9719125-4724-4F81-A13D-975F93A93CE4}"
EndProject
Project("{2150E333-8FDC-42A3-9474-1A3956D46DE8}") = "Logs", "Logs", "{1618C1BB-0D99-42B0-B4E6-3E8B93397735}"
EndProject
Project("{FAE04EC0-301F-11D3-BF4B-00C04F79EFBC}") = "Logs", "Logs\Logs.csproj", "{5BB976DE-A326-443F-A3C8-622C466F0065}"
EndProject
Project("{2150E333-8FDC-42A3-9474-1A3956D46DE8}") = "Imgs", "Imgs", "{B04C6541-075B-4D66-B5E5-893F65B9D9D5}"
EndProject
Project("{FAE04EC0-301F-11D3-BF4B-00C04F79EFBC}") = "Imgs", "Imgs\Imgs.csproj", "{A523D7F9-EAE2-4EBD-99EA-D3B14AE40093}"
EndProject
Project("{2150E333-8FDC-42A3-9474-1A3956D46DE8}") = "AdminSettingsApp", "AdminSettingsApp", "{79D1890F-5240-4676-BC2F-D5F3DB9314B9}"
EndProject
Project("{FAE04EC0-301F-11D3-BF4B-00C04F79EFBC}") = "AdminAppSettings", "AdminAppSettings\AdminAppSettings.csproj", "{081153EC-9297-427F-A0C3-DA74A7601FBD}"
EndProject
Global
	GlobalSection(SolutionConfigurationPlatforms) = preSolution
		Debug|Any CPU = Debug|Any CPU
		Release|Any CPU = Release|Any CPU
	EndGlobalSection
	GlobalSection(ProjectConfigurationPlatforms) = postSolution
		{9EAB3DFC-B006-4713-9AD5-5CA9C2A1C00F}.Debug|Any CPU.ActiveCfg = Debug|Any CPU
		{9EAB3DFC-B006-4713-9AD5-5CA9C2A1C00F}.Debug|Any CPU.Build.0 = Debug|Any CPU
		{9EAB3DFC-B006-4713-9AD5-5CA9C2A1C00F}.Release|Any CPU.ActiveCfg = Release|Any CPU
		{9EAB3DFC-B006-4713-9AD5-5CA9C2A1C00F}.Release|Any CPU.Build.0 = Release|Any CPU
		{5E54B8D9-1585-4DD6-9496-F1B7B1D9EC1D}.Debug|Any CPU.ActiveCfg = Debug|Any CPU
		{5E54B8D9-1585-4DD6-9496-F1B7B1D9EC1D}.Debug|Any CPU.Build.0 = Debug|Any CPU
		{5E54B8D9-1585-4DD6-9496-F1B7B1D9EC1D}.Release|Any CPU.ActiveCfg = Release|Any CPU
		{5E54B8D9-1585-4DD6-9496-F1B7B1D9EC1D}.Release|Any CPU.Build.0 = Release|Any CPU
		{D21069AF-69A4-41DF-A148-ADA550EF895A}.Debug|Any CPU.ActiveCfg = Debug|Any CPU
		{D21069AF-69A4-41DF-A148-ADA550EF895A}.Debug|Any CPU.Build.0 = Debug|Any CPU
		{D21069AF-69A4-41DF-A148-ADA550EF895A}.Release|Any CPU.ActiveCfg = Release|Any CPU
		{D21069AF-69A4-41DF-A148-ADA550EF895A}.Release|Any CPU.Build.0 = Release|Any CPU
		{1198FD62-9ACF-453A-BF13-D42F6BEFB9DB}.Debug|Any CPU.ActiveCfg = Debug|Any CPU
		{1198FD62-9ACF-453A-BF13-D42F6BEFB9DB}.Debug|Any CPU.Build.0 = Debug|Any CPU
		{1198FD62-9ACF-453A-BF13-D42F6BEFB9DB}.Release|Any CPU.ActiveCfg = Release|Any CPU
		{1198FD62-9ACF-453A-BF13-D42F6BEFB9DB}.Release|Any CPU.Build.0 = Release|Any CPU
		{6DB6C961-675F-4313-8E3A-543F75D95864}.Debug|Any CPU.ActiveCfg = Debug|Any CPU
		{6DB6C961-675F-4313-8E3A-543F75D95864}.Debug|Any CPU.Build.0 = Debug|Any CPU
		{6DB6C961-675F-4313-8E3A-543F75D95864}.Release|Any CPU.ActiveCfg = Release|Any CPU
		{6DB6C961-675F-4313-8E3A-543F75D95864}.Release|Any CPU.Build.0 = Release|Any CPU
		{D9719125-4724-4F81-A13D-975F93A93CE4}.Debug|Any CPU.ActiveCfg = Debug|Any CPU
		{D9719125-4724-4F81-A13D-975F93A93CE4}.Debug|Any CPU.Build.0 = Debug|Any CPU
		{D9719125-4724-4F81-A13D-975F93A93CE4}.Release|Any CPU.ActiveCfg = Release|Any CPU
		{D9719125-4724-4F81-A13D-975F93A93CE4}.Release|Any CPU.Build.0 = Release|Any CPU
		{5BB976DE-A326-443F-A3C8-622C466F0065}.Debug|Any CPU.ActiveCfg = Debug|Any CPU
		{5BB976DE-A326-443F-A3C8-622C466F0065}.Debug|Any CPU.Build.0 = Debug|Any CPU
		{5BB976DE-A326-443F-A3C8-622C466F0065}.Release|Any CPU.ActiveCfg = Release|Any CPU
		{5BB976DE-A326-443F-A3C8-622C466F0065}.Release|Any CPU.Build.0 = Release|Any CPU
		{A523D7F9-EAE2-4EBD-99EA-D3B14AE40093}.Debug|Any CPU.ActiveCfg = Debug|Any CPU
		{A523D7F9-EAE2-4EBD-99EA-D3B14AE40093}.Debug|Any CPU.Build.0 = Debug|Any CPU
		{A523D7F9-EAE2-4EBD-99EA-D3B14AE40093}.Release|Any CPU.ActiveCfg = Release|Any CPU
		{A523D7F9-EAE2-4EBD-99EA-D3B14AE40093}.Release|Any CPU.Build.0 = Release|Any CPU
		{081153EC-9297-427F-A0C3-DA74A7601FBD}.Debug|Any CPU.ActiveCfg = Debug|Any CPU
		{081153EC-9297-427F-A0C3-DA74A7601FBD}.Debug|Any CPU.Build.0 = Debug|Any CPU
		{081153EC-9297-427F-A0C3-DA74A7601FBD}.Release|Any CPU.ActiveCfg = Release|Any CPU
		{081153EC-9297-427F-A0C3-DA74A7601FBD}.Release|Any CPU.Build.0 = Release|Any CPU
	EndGlobalSection
	GlobalSection(SolutionProperties) = preSolution
		HideSolutionNode = FALSE
	EndGlobalSection
	GlobalSection(NestedProjects) = preSolution
		{6DB6C961-675F-4313-8E3A-543F75D95864} = {F2B22007-F632-44A1-802F-249D72FED9D8}
		{9B2FCB8C-A1CC-4223-ADC7-CDF2A7B79350} = {93B6D945-917F-4316-9E83-9237D7F01426}
		{1618C1BB-0D99-42B0-B4E6-3E8B93397735} = {93B6D945-917F-4316-9E83-9237D7F01426}
		{B04C6541-075B-4D66-B5E5-893F65B9D9D5} = {93B6D945-917F-4316-9E83-9237D7F01426}
		{79D1890F-5240-4676-BC2F-D5F3DB9314B9} = {93B6D945-917F-4316-9E83-9237D7F01426}
		{D9719125-4724-4F81-A13D-975F93A93CE4} = {9B2FCB8C-A1CC-4223-ADC7-CDF2A7B79350}
		{5BB976DE-A326-443F-A3C8-622C466F0065} = {1618C1BB-0D99-42B0-B4E6-3E8B93397735}
		{A523D7F9-EAE2-4EBD-99EA-D3B14AE40093} = {B04C6541-075B-4D66-B5E5-893F65B9D9D5}
		{081153EC-9297-427F-A0C3-DA74A7601FBD} = {79D1890F-5240-4676-BC2F-D5F3DB9314B9}
	EndGlobalSection
EndGlobal
